
Microsoft Visual Studio Solution File, Format Version 12.00
# Visual Studio Version 16
VisualStudioVersion = 16.0.29411.108
MinimumVisualStudioVersion = 10.0.40219.1
Project("{FAE04EC0-301F-11D3-BF4B-00C04F79EFBC}") = "Task01", "Task01\Task01.csproj", "{BFB0123B-49BB-4B36-A850-A4DB35FB9298}"
EndProject
Project("{FAE04EC0-301F-11D3-BF4B-00C04F79EFBC}") = "CWLibrary", "CWLibrary\CWLibrary.csproj", "{500A234F-59FE-4EAF-AE8D-987FA7EA3C28}"
EndProject
Global
	GlobalSection(SolutionConfigurationPlatforms) = preSolution
		Debug|Any CPU = Debug|Any CPU
		Release|Any CPU = Release|Any CPU
	EndGlobalSection
	GlobalSection(ProjectConfigurationPlatforms) = postSolution
		{BFB0123B-49BB-4B36-A850-A4DB35FB9298}.Debug|Any CPU.ActiveCfg = Debug|Any CPU
		{BFB0123B-49BB-4B36-A850-A4DB35FB9298}.Debug|Any CPU.Build.0 = Debug|Any CPU
		{BFB0123B-49BB-4B36-A850-A4DB35FB9298}.Release|Any CPU.ActiveCfg = Release|Any CPU
		{BFB0123B-49BB-4B36-A850-A4DB35FB9298}.Release|Any CPU.Build.0 = Release|Any CPU
		{500A234F-59FE-4EAF-AE8D-987FA7EA3C28}.Debug|Any CPU.ActiveCfg = Debug|Any CPU
		{500A234F-59FE-4EAF-AE8D-987FA7EA3C28}.Debug|Any CPU.Build.0 = Debug|Any CPU
		{500A234F-59FE-4EAF-AE8D-987FA7EA3C28}.Release|Any CPU.ActiveCfg = Release|Any CPU
		{500A234F-59FE-4EAF-AE8D-987FA7EA3C28}.Release|Any CPU.Build.0 = Release|Any CPU
	EndGlobalSection
	GlobalSection(SolutionProperties) = preSolution
		HideSolutionNode = FALSE
	EndGlobalSection
	GlobalSection(ExtensibilityGlobals) = postSolution
		SolutionGuid = {7FFF583F-00A6-477C-8BCC-015E93F549D3}
	EndGlobalSection
EndGlobal
